// !$*UTF8*$!
{
	archiveVersion = 1;
	classes = {
	};
	objectVersion = 56;
	objects = {

/* Begin PBXBuildFile section */
		5630949729B23E1D00378BE0 /* Networking in Frameworks */ = {isa = PBXBuildFile; productRef = 5630949629B23E1D00378BE0 /* Networking */; };
		56E1320229B2581500F176BC /* AppCoordinator.swift in Sources */ = {isa = PBXBuildFile; fileRef = 56E1320129B2581500F176BC /* AppCoordinator.swift */; };
		56E1320429B2582300F176BC /* AppFeature in Frameworks */ = {isa = PBXBuildFile; productRef = 56E1320329B2582300F176BC /* AppFeature */; };
		56E1320629B259F000F176BC /* SportsCoordinator.swift in Sources */ = {isa = PBXBuildFile; fileRef = 56E1320529B259F000F176BC /* SportsCoordinator.swift */; };
		56E1320829B25C4000F176BC /* Storyboard.swift in Sources */ = {isa = PBXBuildFile; fileRef = 56E1320729B25C4000F176BC /* Storyboard.swift */; };
		56E1320A29B260A300F176BC /* SportsTableViewCell.swift in Sources */ = {isa = PBXBuildFile; fileRef = 56E1320929B260A300F176BC /* SportsTableViewCell.swift */; };
		56E1320C29B260CA00F176BC /* SportsCollectionViewCell.swift in Sources */ = {isa = PBXBuildFile; fileRef = 56E1320B29B260CA00F176BC /* SportsCollectionViewCell.swift */; };
		56E1320E29B260F000F176BC /* SportsCollectionViewCellModel.swift in Sources */ = {isa = PBXBuildFile; fileRef = 56E1320D29B260F000F176BC /* SportsCollectionViewCellModel.swift */; };
		56E1321129B2613F00F176BC /* SportsTableViewCell.xib in Resources */ = {isa = PBXBuildFile; fileRef = 56E1320F29B2613F00F176BC /* SportsTableViewCell.xib */; };
		56E1321229B2613F00F176BC /* SportsCollectionViewCell.xib in Resources */ = {isa = PBXBuildFile; fileRef = 56E1321029B2613F00F176BC /* SportsCollectionViewCell.xib */; };
		56E1321429B2658C00F176BC /* SportsTableViewCellModel.swift in Sources */ = {isa = PBXBuildFile; fileRef = 56E1321329B2658C00F176BC /* SportsTableViewCellModel.swift */; };
		56FBB59729B22ACB00310D9C /* AppDelegate.swift in Sources */ = {isa = PBXBuildFile; fileRef = 56FBB59629B22ACB00310D9C /* AppDelegate.swift */; };
		56FBB59929B22ACB00310D9C /* SceneDelegate.swift in Sources */ = {isa = PBXBuildFile; fileRef = 56FBB59829B22ACB00310D9C /* SceneDelegate.swift */; };
		56FBB59B29B22ACB00310D9C /* SportsViewController.swift in Sources */ = {isa = PBXBuildFile; fileRef = 56FBB59A29B22ACB00310D9C /* SportsViewController.swift */; };
		56FBB59E29B22ACB00310D9C /* Main.storyboard in Resources */ = {isa = PBXBuildFile; fileRef = 56FBB59C29B22ACB00310D9C /* Main.storyboard */; };
		56FBB5A029B22ACD00310D9C /* Assets.xcassets in Resources */ = {isa = PBXBuildFile; fileRef = 56FBB59F29B22ACD00310D9C /* Assets.xcassets */; };
		56FBB5A329B22ACD00310D9C /* LaunchScreen.storyboard in Resources */ = {isa = PBXBuildFile; fileRef = 56FBB5A129B22ACD00310D9C /* LaunchScreen.storyboard */; };
		56FBB5AE29B22ACD00310D9C /* AppTests.swift in Sources */ = {isa = PBXBuildFile; fileRef = 56FBB5AD29B22ACD00310D9C /* AppTests.swift */; };
		56FBB5B829B22ACD00310D9C /* AppUITests.swift in Sources */ = {isa = PBXBuildFile; fileRef = 56FBB5B729B22ACD00310D9C /* AppUITests.swift */; };
		56FBB5BA29B22ACD00310D9C /* AppUITestsLaunchTests.swift in Sources */ = {isa = PBXBuildFile; fileRef = 56FBB5B929B22ACD00310D9C /* AppUITestsLaunchTests.swift */; };
/* End PBXBuildFile section */

/* Begin PBXContainerItemProxy section */
		56FBB5AA29B22ACD00310D9C /* PBXContainerItemProxy */ = {
			isa = PBXContainerItemProxy;
			containerPortal = 56FBB58B29B22ACB00310D9C /* Project object */;
			proxyType = 1;
			remoteGlobalIDString = 56FBB59229B22ACB00310D9C;
			remoteInfo = App;
		};
		56FBB5B429B22ACD00310D9C /* PBXContainerItemProxy */ = {
			isa = PBXContainerItemProxy;
			containerPortal = 56FBB58B29B22ACB00310D9C /* Project object */;
			proxyType = 1;
			remoteGlobalIDString = 56FBB59229B22ACB00310D9C;
			remoteInfo = App;
		};
/* End PBXContainerItemProxy section */

/* Begin PBXFileReference section */
		56E1320129B2581500F176BC /* AppCoordinator.swift */ = {isa = PBXFileReference; lastKnownFileType = sourcecode.swift; path = AppCoordinator.swift; sourceTree = "<group>"; };
		56E1320529B259F000F176BC /* SportsCoordinator.swift */ = {isa = PBXFileReference; lastKnownFileType = sourcecode.swift; path = SportsCoordinator.swift; sourceTree = "<group>"; };
		56E1320729B25C4000F176BC /* Storyboard.swift */ = {isa = PBXFileReference; lastKnownFileType = sourcecode.swift; path = Storyboard.swift; sourceTree = "<group>"; };
		56E1320929B260A300F176BC /* SportsTableViewCell.swift */ = {isa = PBXFileReference; lastKnownFileType = sourcecode.swift; path = SportsTableViewCell.swift; sourceTree = "<group>"; };
		56E1320B29B260CA00F176BC /* SportsCollectionViewCell.swift */ = {isa = PBXFileReference; lastKnownFileType = sourcecode.swift; path = SportsCollectionViewCell.swift; sourceTree = "<group>"; };
		56E1320D29B260F000F176BC /* SportsCollectionViewCellModel.swift */ = {isa = PBXFileReference; lastKnownFileType = sourcecode.swift; path = SportsCollectionViewCellModel.swift; sourceTree = "<group>"; };
		56E1320F29B2613F00F176BC /* SportsTableViewCell.xib */ = {isa = PBXFileReference; fileEncoding = 4; lastKnownFileType = file.xib; path = SportsTableViewCell.xib; sourceTree = "<group>"; };
		56E1321029B2613F00F176BC /* SportsCollectionViewCell.xib */ = {isa = PBXFileReference; fileEncoding = 4; lastKnownFileType = file.xib; path = SportsCollectionViewCell.xib; sourceTree = "<group>"; };
		56E1321329B2658C00F176BC /* SportsTableViewCellModel.swift */ = {isa = PBXFileReference; lastKnownFileType = sourcecode.swift; path = SportsTableViewCellModel.swift; sourceTree = "<group>"; };
		56FBB59329B22ACB00310D9C /* App.app */ = {isa = PBXFileReference; explicitFileType = wrapper.application; includeInIndex = 0; path = App.app; sourceTree = BUILT_PRODUCTS_DIR; };
		56FBB59629B22ACB00310D9C /* AppDelegate.swift */ = {isa = PBXFileReference; lastKnownFileType = sourcecode.swift; path = AppDelegate.swift; sourceTree = "<group>"; };
		56FBB59829B22ACB00310D9C /* SceneDelegate.swift */ = {isa = PBXFileReference; lastKnownFileType = sourcecode.swift; path = SceneDelegate.swift; sourceTree = "<group>"; };
		56FBB59A29B22ACB00310D9C /* SportsViewController.swift */ = {isa = PBXFileReference; lastKnownFileType = sourcecode.swift; path = SportsViewController.swift; sourceTree = "<group>"; };
		56FBB59D29B22ACB00310D9C /* Base */ = {isa = PBXFileReference; lastKnownFileType = file.storyboard; name = Base; path = Base.lproj/Main.storyboard; sourceTree = "<group>"; };
		56FBB59F29B22ACD00310D9C /* Assets.xcassets */ = {isa = PBXFileReference; lastKnownFileType = folder.assetcatalog; path = Assets.xcassets; sourceTree = "<group>"; };
		56FBB5A229B22ACD00310D9C /* Base */ = {isa = PBXFileReference; lastKnownFileType = file.storyboard; name = Base; path = Base.lproj/LaunchScreen.storyboard; sourceTree = "<group>"; };
		56FBB5A429B22ACD00310D9C /* Info.plist */ = {isa = PBXFileReference; lastKnownFileType = text.plist.xml; path = Info.plist; sourceTree = "<group>"; };
		56FBB5A929B22ACD00310D9C /* AppTests.xctest */ = {isa = PBXFileReference; explicitFileType = wrapper.cfbundle; includeInIndex = 0; path = AppTests.xctest; sourceTree = BUILT_PRODUCTS_DIR; };
		56FBB5AD29B22ACD00310D9C /* AppTests.swift */ = {isa = PBXFileReference; lastKnownFileType = sourcecode.swift; path = AppTests.swift; sourceTree = "<group>"; };
		56FBB5B329B22ACD00310D9C /* AppUITests.xctest */ = {isa = PBXFileReference; explicitFileType = wrapper.cfbundle; includeInIndex = 0; path = AppUITests.xctest; sourceTree = BUILT_PRODUCTS_DIR; };
		56FBB5B729B22ACD00310D9C /* AppUITests.swift */ = {isa = PBXFileReference; lastKnownFileType = sourcecode.swift; path = AppUITests.swift; sourceTree = "<group>"; };
		56FBB5B929B22ACD00310D9C /* AppUITestsLaunchTests.swift */ = {isa = PBXFileReference; lastKnownFileType = sourcecode.swift; path = AppUITestsLaunchTests.swift; sourceTree = "<group>"; };
		56FBB5C629B22BF600310D9C /* Sports */ = {isa = PBXFileReference; lastKnownFileType = wrapper; name = Sports; path = ..; sourceTree = "<group>"; };
/* End PBXFileReference section */

/* Begin PBXFrameworksBuildPhase section */
		56FBB59029B22ACB00310D9C /* Frameworks */ = {
			isa = PBXFrameworksBuildPhase;
			buildActionMask = 2147483647;
			files = (
				5630949729B23E1D00378BE0 /* Networking in Frameworks */,
				56E1320429B2582300F176BC /* AppFeature in Frameworks */,
			);
			runOnlyForDeploymentPostprocessing = 0;
		};
		56FBB5A629B22ACD00310D9C /* Frameworks */ = {
			isa = PBXFrameworksBuildPhase;
			buildActionMask = 2147483647;
			files = (
			);
			runOnlyForDeploymentPostprocessing = 0;
		};
		56FBB5B029B22ACD00310D9C /* Frameworks */ = {
			isa = PBXFrameworksBuildPhase;
			buildActionMask = 2147483647;
			files = (
			);
			runOnlyForDeploymentPostprocessing = 0;
		};
/* End PBXFrameworksBuildPhase section */

/* Begin PBXGroup section */
		5630949529B23E1D00378BE0 /* Frameworks */ = {
			isa = PBXGroup;
			children = (
			);
			name = Frameworks;
			sourceTree = "<group>";
		};
		56E1320029B257FB00F176BC /* Coordinators */ = {
			isa = PBXGroup;
			children = (
				56E1320129B2581500F176BC /* AppCoordinator.swift */,
				56E1320529B259F000F176BC /* SportsCoordinator.swift */,
			);
			path = Coordinators;
			sourceTree = "<group>";
		};
		56E1321529B26E4500F176BC /* Modules */ = {
			isa = PBXGroup;
			children = (
				56E1321729B26E5200F176BC /* Sports */,
			);
			path = Modules;
			sourceTree = "<group>";
		};
		56E1321729B26E5200F176BC /* Sports */ = {
			isa = PBXGroup;
			children = (
				56E1321B29B26EB200F176BC /* Models */,
				56E1321829B26E5B00F176BC /* Views */,
			);
			path = Sports;
			sourceTree = "<group>";
		};
		56E1321829B26E5B00F176BC /* Views */ = {
			isa = PBXGroup;
			children = (
				56E1321A29B26E7600F176BC /* Controllers */,
				56E1321929B26E7000F176BC /* Cells */,
			);
			path = Views;
			sourceTree = "<group>";
		};
		56E1321929B26E7000F176BC /* Cells */ = {
			isa = PBXGroup;
			children = (
				56E1320B29B260CA00F176BC /* SportsCollectionViewCell.swift */,
				56E1320929B260A300F176BC /* SportsTableViewCell.swift */,
				56E1321029B2613F00F176BC /* SportsCollectionViewCell.xib */,
				56E1320F29B2613F00F176BC /* SportsTableViewCell.xib */,
			);
			path = Cells;
			sourceTree = "<group>";
		};
		56E1321A29B26E7600F176BC /* Controllers */ = {
			isa = PBXGroup;
			children = (
				56FBB59A29B22ACB00310D9C /* SportsViewController.swift */,
			);
			path = Controllers;
			sourceTree = "<group>";
		};
		56E1321B29B26EB200F176BC /* Models */ = {
			isa = PBXGroup;
			children = (
				56E1321329B2658C00F176BC /* SportsTableViewCellModel.swift */,
				56E1320D29B260F000F176BC /* SportsCollectionViewCellModel.swift */,
			);
			path = Models;
			sourceTree = "<group>";
		};
		56E1321C29B26EC300F176BC /* Storyboards */ = {
			isa = PBXGroup;
			children = (
				56FBB59C29B22ACB00310D9C /* Main.storyboard */,
				56FBB5A129B22ACD00310D9C /* LaunchScreen.storyboard */,
				56E1320729B25C4000F176BC /* Storyboard.swift */,
			);
			path = Storyboards;
			sourceTree = "<group>";
		};
		56FBB58A29B22ACB00310D9C = {
			isa = PBXGroup;
			children = (
				56FBB5C629B22BF600310D9C /* Sports */,
				56FBB59529B22ACB00310D9C /* App */,
				56FBB5AC29B22ACD00310D9C /* AppTests */,
				56FBB5B629B22ACD00310D9C /* AppUITests */,
				56FBB59429B22ACB00310D9C /* Products */,
				5630949529B23E1D00378BE0 /* Frameworks */,
			);
			sourceTree = "<group>";
		};
		56FBB59429B22ACB00310D9C /* Products */ = {
			isa = PBXGroup;
			children = (
				56FBB59329B22ACB00310D9C /* App.app */,
				56FBB5A929B22ACD00310D9C /* AppTests.xctest */,
				56FBB5B329B22ACD00310D9C /* AppUITests.xctest */,
			);
			name = Products;
			sourceTree = "<group>";
		};
		56FBB59529B22ACB00310D9C /* App */ = {
			isa = PBXGroup;
			children = (
				56E1321C29B26EC300F176BC /* Storyboards */,
				56E1321529B26E4500F176BC /* Modules */,
				56E1320029B257FB00F176BC /* Coordinators */,
				56FBB59629B22ACB00310D9C /* AppDelegate.swift */,
				56FBB59829B22ACB00310D9C /* SceneDelegate.swift */,
				56FBB59F29B22ACD00310D9C /* Assets.xcassets */,
				56FBB5A429B22ACD00310D9C /* Info.plist */,
			);
			path = App;
			sourceTree = "<group>";
		};
		56FBB5AC29B22ACD00310D9C /* AppTests */ = {
			isa = PBXGroup;
			children = (
				56FBB5AD29B22ACD00310D9C /* AppTests.swift */,
			);
			path = AppTests;
			sourceTree = "<group>";
		};
		56FBB5B629B22ACD00310D9C /* AppUITests */ = {
			isa = PBXGroup;
			children = (
				56FBB5B729B22ACD00310D9C /* AppUITests.swift */,
				56FBB5B929B22ACD00310D9C /* AppUITestsLaunchTests.swift */,
			);
			path = AppUITests;
			sourceTree = "<group>";
		};
/* End PBXGroup section */

/* Begin PBXNativeTarget section */
		56FBB59229B22ACB00310D9C /* App */ = {
			isa = PBXNativeTarget;
			buildConfigurationList = 56FBB5BD29B22ACD00310D9C /* Build configuration list for PBXNativeTarget "App" */;
			buildPhases = (
				56FBB58F29B22ACB00310D9C /* Sources */,
				56FBB59029B22ACB00310D9C /* Frameworks */,
				56FBB59129B22ACB00310D9C /* Resources */,
			);
			buildRules = (
			);
			dependencies = (
			);
			name = App;
			packageProductDependencies = (
				5630949629B23E1D00378BE0 /* Networking */,
				56E1320329B2582300F176BC /* AppFeature */,
			);
			productName = App;
			productReference = 56FBB59329B22ACB00310D9C /* App.app */;
			productType = "com.apple.product-type.application";
		};
		56FBB5A829B22ACD00310D9C /* AppTests */ = {
			isa = PBXNativeTarget;
			buildConfigurationList = 56FBB5C029B22ACD00310D9C /* Build configuration list for PBXNativeTarget "AppTests" */;
			buildPhases = (
				56FBB5A529B22ACD00310D9C /* Sources */,
				56FBB5A629B22ACD00310D9C /* Frameworks */,
				56FBB5A729B22ACD00310D9C /* Resources */,
			);
			buildRules = (
			);
			dependencies = (
				56FBB5AB29B22ACD00310D9C /* PBXTargetDependency */,
			);
			name = AppTests;
			productName = AppTests;
			productReference = 56FBB5A929B22ACD00310D9C /* AppTests.xctest */;
			productType = "com.apple.product-type.bundle.unit-test";
		};
		56FBB5B229B22ACD00310D9C /* AppUITests */ = {
			isa = PBXNativeTarget;
			buildConfigurationList = 56FBB5C329B22ACD00310D9C /* Build configuration list for PBXNativeTarget "AppUITests" */;
			buildPhases = (
				56FBB5AF29B22ACD00310D9C /* Sources */,
				56FBB5B029B22ACD00310D9C /* Frameworks */,
				56FBB5B129B22ACD00310D9C /* Resources */,
			);
			buildRules = (
			);
			dependencies = (
				56FBB5B529B22ACD00310D9C /* PBXTargetDependency */,
			);
			name = AppUITests;
			productName = AppUITests;
			productReference = 56FBB5B329B22ACD00310D9C /* AppUITests.xctest */;
			productType = "com.apple.product-type.bundle.ui-testing";
		};
/* End PBXNativeTarget section */

/* Begin PBXProject section */
		56FBB58B29B22ACB00310D9C /* Project object */ = {
			isa = PBXProject;
			attributes = {
				BuildIndependentTargetsInParallel = 1;
				LastSwiftUpdateCheck = 1420;
				LastUpgradeCheck = 1420;
				TargetAttributes = {
					56FBB59229B22ACB00310D9C = {
						CreatedOnToolsVersion = 14.2;
					};
					56FBB5A829B22ACD00310D9C = {
						CreatedOnToolsVersion = 14.2;
						TestTargetID = 56FBB59229B22ACB00310D9C;
					};
					56FBB5B229B22ACD00310D9C = {
						CreatedOnToolsVersion = 14.2;
						TestTargetID = 56FBB59229B22ACB00310D9C;
					};
				};
			};
			buildConfigurationList = 56FBB58E29B22ACB00310D9C /* Build configuration list for PBXProject "App" */;
			compatibilityVersion = "Xcode 14.0";
			developmentRegion = en;
			hasScannedForEncodings = 0;
			knownRegions = (
				en,
				Base,
			);
			mainGroup = 56FBB58A29B22ACB00310D9C;
			productRefGroup = 56FBB59429B22ACB00310D9C /* Products */;
			projectDirPath = "";
			projectRoot = "";
			targets = (
				56FBB59229B22ACB00310D9C /* App */,
				56FBB5A829B22ACD00310D9C /* AppTests */,
				56FBB5B229B22ACD00310D9C /* AppUITests */,
			);
		};
/* End PBXProject section */

/* Begin PBXResourcesBuildPhase section */
		56FBB59129B22ACB00310D9C /* Resources */ = {
			isa = PBXResourcesBuildPhase;
			buildActionMask = 2147483647;
			files = (
				56FBB5A329B22ACD00310D9C /* LaunchScreen.storyboard in Resources */,
				56E1321129B2613F00F176BC /* SportsTableViewCell.xib in Resources */,
				56FBB5A029B22ACD00310D9C /* Assets.xcassets in Resources */,
				56FBB59E29B22ACB00310D9C /* Main.storyboard in Resources */,
				56E1321229B2613F00F176BC /* SportsCollectionViewCell.xib in Resources */,
			);
			runOnlyForDeploymentPostprocessing = 0;
		};
		56FBB5A729B22ACD00310D9C /* Resources */ = {
			isa = PBXResourcesBuildPhase;
			buildActionMask = 2147483647;
			files = (
			);
			runOnlyForDeploymentPostprocessing = 0;
		};
		56FBB5B129B22ACD00310D9C /* Resources */ = {
			isa = PBXResourcesBuildPhase;
			buildActionMask = 2147483647;
			files = (
			);
			runOnlyForDeploymentPostprocessing = 0;
		};
/* End PBXResourcesBuildPhase section */

/* Begin PBXSourcesBuildPhase section */
		56FBB58F29B22ACB00310D9C /* Sources */ = {
			isa = PBXSourcesBuildPhase;
			buildActionMask = 2147483647;
			files = (
				56E1320629B259F000F176BC /* SportsCoordinator.swift in Sources */,
				56E1320229B2581500F176BC /* AppCoordinator.swift in Sources */,
				56E1320E29B260F000F176BC /* SportsCollectionViewCellModel.swift in Sources */,
				56E1320C29B260CA00F176BC /* SportsCollectionViewCell.swift in Sources */,
				56FBB59B29B22ACB00310D9C /* SportsViewController.swift in Sources */,
				56E1321429B2658C00F176BC /* SportsTableViewCellModel.swift in Sources */,
				56FBB59729B22ACB00310D9C /* AppDelegate.swift in Sources */,
				56E1320829B25C4000F176BC /* Storyboard.swift in Sources */,
				56E1320A29B260A300F176BC /* SportsTableViewCell.swift in Sources */,
				56FBB59929B22ACB00310D9C /* SceneDelegate.swift in Sources */,
			);
			runOnlyForDeploymentPostprocessing = 0;
		};
		56FBB5A529B22ACD00310D9C /* Sources */ = {
			isa = PBXSourcesBuildPhase;
			buildActionMask = 2147483647;
			files = (
				56FBB5AE29B22ACD00310D9C /* AppTests.swift in Sources */,
			);
			runOnlyForDeploymentPostprocessing = 0;
		};
		56FBB5AF29B22ACD00310D9C /* Sources */ = {
			isa = PBXSourcesBuildPhase;
			buildActionMask = 2147483647;
			files = (
				56FBB5BA29B22ACD00310D9C /* AppUITestsLaunchTests.swift in Sources */,
				56FBB5B829B22ACD00310D9C /* AppUITests.swift in Sources */,
			);
			runOnlyForDeploymentPostprocessing = 0;
		};
/* End PBXSourcesBuildPhase section */

/* Begin PBXTargetDependency section */
		56FBB5AB29B22ACD00310D9C /* PBXTargetDependency */ = {
			isa = PBXTargetDependency;
			target = 56FBB59229B22ACB00310D9C /* App */;
			targetProxy = 56FBB5AA29B22ACD00310D9C /* PBXContainerItemProxy */;
		};
		56FBB5B529B22ACD00310D9C /* PBXTargetDependency */ = {
			isa = PBXTargetDependency;
			target = 56FBB59229B22ACB00310D9C /* App */;
			targetProxy = 56FBB5B429B22ACD00310D9C /* PBXContainerItemProxy */;
		};
/* End PBXTargetDependency section */

/* Begin PBXVariantGroup section */
		56FBB59C29B22ACB00310D9C /* Main.storyboard */ = {
			isa = PBXVariantGroup;
			children = (
				56FBB59D29B22ACB00310D9C /* Base */,
			);
			name = Main.storyboard;
			sourceTree = "<group>";
		};
		56FBB5A129B22ACD00310D9C /* LaunchScreen.storyboard */ = {
			isa = PBXVariantGroup;
			children = (
				56FBB5A229B22ACD00310D9C /* Base */,
			);
			name = LaunchScreen.storyboard;
			sourceTree = "<group>";
		};
/* End PBXVariantGroup section */

/* Begin XCBuildConfiguration section */
		56FBB5BB29B22ACD00310D9C /* Debug */ = {
			isa = XCBuildConfiguration;
			buildSettings = {
				ALWAYS_SEARCH_USER_PATHS = NO;
				CLANG_ANALYZER_NONNULL = YES;
				CLANG_ANALYZER_NUMBER_OBJECT_CONVERSION = YES_AGGRESSIVE;
				CLANG_CXX_LANGUAGE_STANDARD = "gnu++20";
				CLANG_ENABLE_MODULES = YES;
				CLANG_ENABLE_OBJC_ARC = YES;
				CLANG_ENABLE_OBJC_WEAK = YES;
				CLANG_WARN_BLOCK_CAPTURE_AUTORELEASING = YES;
				CLANG_WARN_BOOL_CONVERSION = YES;
				CLANG_WARN_COMMA = YES;
				CLANG_WARN_CONSTANT_CONVERSION = YES;
				CLANG_WARN_DEPRECATED_OBJC_IMPLEMENTATIONS = YES;
				CLANG_WARN_DIRECT_OBJC_ISA_USAGE = YES_ERROR;
				CLANG_WARN_DOCUMENTATION_COMMENTS = YES;
				CLANG_WARN_EMPTY_BODY = YES;
				CLANG_WARN_ENUM_CONVERSION = YES;
				CLANG_WARN_INFINITE_RECURSION = YES;
				CLANG_WARN_INT_CONVERSION = YES;
				CLANG_WARN_NON_LITERAL_NULL_CONVERSION = YES;
				CLANG_WARN_OBJC_IMPLICIT_RETAIN_SELF = YES;
				CLANG_WARN_OBJC_LITERAL_CONVERSION = YES;
				CLANG_WARN_OBJC_ROOT_CLASS = YES_ERROR;
				CLANG_WARN_QUOTED_INCLUDE_IN_FRAMEWORK_HEADER = YES;
				CLANG_WARN_RANGE_LOOP_ANALYSIS = YES;
				CLANG_WARN_STRICT_PROTOTYPES = YES;
				CLANG_WARN_SUSPICIOUS_MOVE = YES;
				CLANG_WARN_UNGUARDED_AVAILABILITY = YES_AGGRESSIVE;
				CLANG_WARN_UNREACHABLE_CODE = YES;
				CLANG_WARN__DUPLICATE_METHOD_MATCH = YES;
				COPY_PHASE_STRIP = NO;
				DEBUG_INFORMATION_FORMAT = dwarf;
				ENABLE_STRICT_OBJC_MSGSEND = YES;
				ENABLE_TESTABILITY = YES;
				GCC_C_LANGUAGE_STANDARD = gnu11;
				GCC_DYNAMIC_NO_PIC = NO;
				GCC_NO_COMMON_BLOCKS = YES;
				GCC_OPTIMIZATION_LEVEL = 0;
				GCC_PREPROCESSOR_DEFINITIONS = (
					"DEBUG=1",
					"$(inherited)",
				);
				GCC_WARN_64_TO_32_BIT_CONVERSION = YES;
				GCC_WARN_ABOUT_RETURN_TYPE = YES_ERROR;
				GCC_WARN_UNDECLARED_SELECTOR = YES;
				GCC_WARN_UNINITIALIZED_AUTOS = YES_AGGRESSIVE;
				GCC_WARN_UNUSED_FUNCTION = YES;
				GCC_WARN_UNUSED_VARIABLE = YES;
				IPHONEOS_DEPLOYMENT_TARGET = 16.2;
				MTL_ENABLE_DEBUG_INFO = INCLUDE_SOURCE;
				MTL_FAST_MATH = YES;
				ONLY_ACTIVE_ARCH = YES;
				SDKROOT = iphoneos;
				SWIFT_ACTIVE_COMPILATION_CONDITIONS = DEBUG;
				SWIFT_OPTIMIZATION_LEVEL = "-Onone";
			};
			name = Debug;
		};
		56FBB5BC29B22ACD00310D9C /* Release */ = {
			isa = XCBuildConfiguration;
			buildSettings = {
				ALWAYS_SEARCH_USER_PATHS = NO;
				CLANG_ANALYZER_NONNULL = YES;
				CLANG_ANALYZER_NUMBER_OBJECT_CONVERSION = YES_AGGRESSIVE;
				CLANG_CXX_LANGUAGE_STANDARD = "gnu++20";
				CLANG_ENABLE_MODULES = YES;
				CLANG_ENABLE_OBJC_ARC = YES;
				CLANG_ENABLE_OBJC_WEAK = YES;
				CLANG_WARN_BLOCK_CAPTURE_AUTORELEASING = YES;
				CLANG_WARN_BOOL_CONVERSION = YES;
				CLANG_WARN_COMMA = YES;
				CLANG_WARN_CONSTANT_CONVERSION = YES;
				CLANG_WARN_DEPRECATED_OBJC_IMPLEMENTATIONS = YES;
				CLANG_WARN_DIRECT_OBJC_ISA_USAGE = YES_ERROR;
				CLANG_WARN_DOCUMENTATION_COMMENTS = YES;
				CLANG_WARN_EMPTY_BODY = YES;
				CLANG_WARN_ENUM_CONVERSION = YES;
				CLANG_WARN_INFINITE_RECURSION = YES;
				CLANG_WARN_INT_CONVERSION = YES;
				CLANG_WARN_NON_LITERAL_NULL_CONVERSION = YES;
				CLANG_WARN_OBJC_IMPLICIT_RETAIN_SELF = YES;
				CLANG_WARN_OBJC_LITERAL_CONVERSION = YES;
				CLANG_WARN_OBJC_ROOT_CLASS = YES_ERROR;
				CLANG_WARN_QUOTED_INCLUDE_IN_FRAMEWORK_HEADER = YES;
				CLANG_WARN_RANGE_LOOP_ANALYSIS = YES;
				CLANG_WARN_STRICT_PROTOTYPES = YES;
				CLANG_WARN_SUSPICIOUS_MOVE = YES;
				CLANG_WARN_UNGUARDED_AVAILABILITY = YES_AGGRESSIVE;
				CLANG_WARN_UNREACHABLE_CODE = YES;
				CLANG_WARN__DUPLICATE_METHOD_MATCH = YES;
				COPY_PHASE_STRIP = NO;
				DEBUG_INFORMATION_FORMAT = "dwarf-with-dsym";
				ENABLE_NS_ASSERTIONS = NO;
				ENABLE_STRICT_OBJC_MSGSEND = YES;
				GCC_C_LANGUAGE_STANDARD = gnu11;
				GCC_NO_COMMON_BLOCKS = YES;
				GCC_WARN_64_TO_32_BIT_CONVERSION = YES;
				GCC_WARN_ABOUT_RETURN_TYPE = YES_ERROR;
				GCC_WARN_UNDECLARED_SELECTOR = YES;
				GCC_WARN_UNINITIALIZED_AUTOS = YES_AGGRESSIVE;
				GCC_WARN_UNUSED_FUNCTION = YES;
				GCC_WARN_UNUSED_VARIABLE = YES;
				IPHONEOS_DEPLOYMENT_TARGET = 16.2;
				MTL_ENABLE_DEBUG_INFO = NO;
				MTL_FAST_MATH = YES;
				SDKROOT = iphoneos;
				SWIFT_COMPILATION_MODE = wholemodule;
				SWIFT_OPTIMIZATION_LEVEL = "-O";
				VALIDATE_PRODUCT = YES;
			};
			name = Release;
		};
		56FBB5BE29B22ACD00310D9C /* Debug */ = {
			isa = XCBuildConfiguration;
			buildSettings = {
				ASSETCATALOG_COMPILER_APPICON_NAME = AppIcon;
				ASSETCATALOG_COMPILER_GLOBAL_ACCENT_COLOR_NAME = AccentColor;
				CODE_SIGN_STYLE = Automatic;
				CURRENT_PROJECT_VERSION = 1;
				GENERATE_INFOPLIST_FILE = YES;
				INFOPLIST_FILE = App/Info.plist;
				INFOPLIST_KEY_UIApplicationSupportsIndirectInputEvents = YES;
				INFOPLIST_KEY_UILaunchStoryboardName = LaunchScreen;
				INFOPLIST_KEY_UIMainStoryboardFile = Main;
				INFOPLIST_KEY_UISupportedInterfaceOrientations_iPad = "UIInterfaceOrientationPortrait UIInterfaceOrientationPortraitUpsideDown UIInterfaceOrientationLandscapeLeft UIInterfaceOrientationLandscapeRight";
				INFOPLIST_KEY_UISupportedInterfaceOrientations_iPhone = "UIInterfaceOrientationPortrait UIInterfaceOrientationLandscapeLeft UIInterfaceOrientationLandscapeRight";
				LD_RUNPATH_SEARCH_PATHS = (
					"$(inherited)",
					"@executable_path/Frameworks",
				);
				MARKETING_VERSION = 1.0;
				PRODUCT_BUNDLE_IDENTIFIER = com.spirosgerokostas.App;
				PRODUCT_NAME = "$(TARGET_NAME)";
				SWIFT_EMIT_LOC_STRINGS = YES;
				SWIFT_VERSION = 5.0;
				TARGETED_DEVICE_FAMILY = "1,2";
			};
			name = Debug;
		};
		56FBB5BF29B22ACD00310D9C /* Release */ = {
			isa = XCBuildConfiguration;
			buildSettings = {
				ASSETCATALOG_COMPILER_APPICON_NAME = AppIcon;
				ASSETCATALOG_COMPILER_GLOBAL_ACCENT_COLOR_NAME = AccentColor;
				CODE_SIGN_STYLE = Automatic;
				CURRENT_PROJECT_VERSION = 1;
				GENERATE_INFOPLIST_FILE = YES;
				INFOPLIST_FILE = App/Info.plist;
				INFOPLIST_KEY_UIApplicationSupportsIndirectInputEvents = YES;
				INFOPLIST_KEY_UILaunchStoryboardName = LaunchScreen;
				INFOPLIST_KEY_UIMainStoryboardFile = Main;
				INFOPLIST_KEY_UISupportedInterfaceOrientations_iPad = "UIInterfaceOrientationPortrait UIInterfaceOrientationPortraitUpsideDown UIInterfaceOrientationLandscapeLeft UIInterfaceOrientationLandscapeRight";
				INFOPLIST_KEY_UISupportedInterfaceOrientations_iPhone = "UIInterfaceOrientationPortrait UIInterfaceOrientationLandscapeLeft UIInterfaceOrientationLandscapeRight";
				LD_RUNPATH_SEARCH_PATHS = (
					"$(inherited)",
					"@executable_path/Frameworks",
				);
				MARKETING_VERSION = 1.0;
				PRODUCT_BUNDLE_IDENTIFIER = com.spirosgerokostas.App;
				PRODUCT_NAME = "$(TARGET_NAME)";
				SWIFT_EMIT_LOC_STRINGS = YES;
				SWIFT_VERSION = 5.0;
				TARGETED_DEVICE_FAMILY = "1,2";
			};
			name = Release;
		};
		56FBB5C129B22ACD00310D9C /* Debug */ = {
			isa = XCBuildConfiguration;
			buildSettings = {
				ALWAYS_EMBED_SWIFT_STANDARD_LIBRARIES = YES;
				BUNDLE_LOADER = "$(TEST_HOST)";
				CODE_SIGN_STYLE = Automatic;
				CURRENT_PROJECT_VERSION = 1;
				GENERATE_INFOPLIST_FILE = YES;
				IPHONEOS_DEPLOYMENT_TARGET = 16.2;
				MARKETING_VERSION = 1.0;
				PRODUCT_BUNDLE_IDENTIFIER = com.spirosgerokostas.AppTests;
				PRODUCT_NAME = "$(TARGET_NAME)";
				SWIFT_EMIT_LOC_STRINGS = NO;
				SWIFT_VERSION = 5.0;
				TARGETED_DEVICE_FAMILY = "1,2";
				TEST_HOST = "$(BUILT_PRODUCTS_DIR)/App.app/$(BUNDLE_EXECUTABLE_FOLDER_PATH)/App";
			};
			name = Debug;
		};
		56FBB5C229B22ACD00310D9C /* Release */ = {
			isa = XCBuildConfiguration;
			buildSettings = {
				ALWAYS_EMBED_SWIFT_STANDARD_LIBRARIES = YES;
				BUNDLE_LOADER = "$(TEST_HOST)";
				CODE_SIGN_STYLE = Automatic;
				CURRENT_PROJECT_VERSION = 1;
				GENERATE_INFOPLIST_FILE = YES;
				IPHONEOS_DEPLOYMENT_TARGET = 16.2;
				MARKETING_VERSION = 1.0;
				PRODUCT_BUNDLE_IDENTIFIER = com.spirosgerokostas.AppTests;
				PRODUCT_NAME = "$(TARGET_NAME)";
				SWIFT_EMIT_LOC_STRINGS = NO;
				SWIFT_VERSION = 5.0;
				TARGETED_DEVICE_FAMILY = "1,2";
				TEST_HOST = "$(BUILT_PRODUCTS_DIR)/App.app/$(BUNDLE_EXECUTABLE_FOLDER_PATH)/App";
			};
			name = Release;
		};
		56FBB5C429B22ACD00310D9C /* Debug */ = {
			isa = XCBuildConfiguration;
			buildSettings = {
				ALWAYS_EMBED_SWIFT_STANDARD_LIBRARIES = YES;
				CODE_SIGN_STYLE = Automatic;
				CURRENT_PROJECT_VERSION = 1;
				GENERATE_INFOPLIST_FILE = YES;
				MARKETING_VERSION = 1.0;
				PRODUCT_BUNDLE_IDENTIFIER = com.spirosgerokostas.AppUITests;
				PRODUCT_NAME = "$(TARGET_NAME)";
				SWIFT_EMIT_LOC_STRINGS = NO;
				SWIFT_VERSION = 5.0;
				TARGETED_DEVICE_FAMILY = "1,2";
				TEST_TARGET_NAME = App;
			};
			name = Debug;
		};
		56FBB5C529B22ACD00310D9C /* Release */ = {
			isa = XCBuildConfiguration;
			buildSettings = {
				ALWAYS_EMBED_SWIFT_STANDARD_LIBRARIES = YES;
				CODE_SIGN_STYLE = Automatic;
				CURRENT_PROJECT_VERSION = 1;
				GENERATE_INFOPLIST_FILE = YES;
				MARKETING_VERSION = 1.0;
				PRODUCT_BUNDLE_IDENTIFIER = com.spirosgerokostas.AppUITests;
				PRODUCT_NAME = "$(TARGET_NAME)";
				SWIFT_EMIT_LOC_STRINGS = NO;
				SWIFT_VERSION = 5.0;
				TARGETED_DEVICE_FAMILY = "1,2";
				TEST_TARGET_NAME = App;
			};
			name = Release;
		};
/* End XCBuildConfiguration section */

/* Begin XCConfigurationList section */
		56FBB58E29B22ACB00310D9C /* Build configuration list for PBXProject "App" */ = {
			isa = XCConfigurationList;
			buildConfigurations = (
				56FBB5BB29B22ACD00310D9C /* Debug */,
				56FBB5BC29B22ACD00310D9C /* Release */,
			);
			defaultConfigurationIsVisible = 0;
			defaultConfigurationName = Release;
		};
		56FBB5BD29B22ACD00310D9C /* Build configuration list for PBXNativeTarget "App" */ = {
			isa = XCConfigurationList;
			buildConfigurations = (
				56FBB5BE29B22ACD00310D9C /* Debug */,
				56FBB5BF29B22ACD00310D9C /* Release */,
			);
			defaultConfigurationIsVisible = 0;
			defaultConfigurationName = Release;
		};
		56FBB5C029B22ACD00310D9C /* Build configuration list for PBXNativeTarget "AppTests" */ = {
			isa = XCConfigurationList;
			buildConfigurations = (
				56FBB5C129B22ACD00310D9C /* Debug */,
				56FBB5C229B22ACD00310D9C /* Release */,
			);
			defaultConfigurationIsVisible = 0;
			defaultConfigurationName = Release;
		};
		56FBB5C329B22ACD00310D9C /* Build configuration list for PBXNativeTarget "AppUITests" */ = {
			isa = XCConfigurationList;
			buildConfigurations = (
				56FBB5C429B22ACD00310D9C /* Debug */,
				56FBB5C529B22ACD00310D9C /* Release */,
			);
			defaultConfigurationIsVisible = 0;
			defaultConfigurationName = Release;
		};
/* End XCConfigurationList section */

/* Begin XCSwiftPackageProductDependency section */
		5630949629B23E1D00378BE0 /* Networking */ = {
			isa = XCSwiftPackageProductDependency;
			productName = Networking;
		};
		56E1320329B2582300F176BC /* AppFeature */ = {
			isa = XCSwiftPackageProductDependency;
			productName = AppFeature;
		};
/* End XCSwiftPackageProductDependency section */
	};
	rootObject = 56FBB58B29B22ACB00310D9C /* Project object */;
}
